// !$*UTF8*$!
{
	archiveVersion = 1;
	classes = {
	};
	objectVersion = 46;
	objects = {

/* Begin PBXBuildFile section */
		51DE66271CCA1C1F001F0BAC /* main.m in Sources */ = {isa = PBXBuildFile; fileRef = 51DE66261CCA1C1F001F0BAC /* main.m */; };
		51DE662A1CCA1C1F001F0BAC /* AppDelegate.m in Sources */ = {isa = PBXBuildFile; fileRef = 51DE66291CCA1C1F001F0BAC /* AppDelegate.m */; };
		51DE66321CCA1C1F001F0BAC /* Assets.xcassets in Resources */ = {isa = PBXBuildFile; fileRef = 51DE66311CCA1C1F001F0BAC /* Assets.xcassets */; };
		51DE66351CCA1C1F001F0BAC /* LaunchScreen.storyboard in Resources */ = {isa = PBXBuildFile; fileRef = 51DE66331CCA1C1F001F0BAC /* LaunchScreen.storyboard */; };
		51DE665E1CCA229F001F0BAC /* RootViewController.m in Sources */ = {isa = PBXBuildFile; fileRef = 51DE665D1CCA229F001F0BAC /* RootViewController.m */; };
		51DE667B1CCA274E001F0BAC /* Info.plist in Resources */ = {isa = PBXBuildFile; fileRef = 51DE66611CCA274E001F0BAC /* Info.plist */; };
		51DE667C1CCA274E001F0BAC /* MASCompositeConstraint.m in Sources */ = {isa = PBXBuildFile; fileRef = 51DE66631CCA274E001F0BAC /* MASCompositeConstraint.m */; };
		51DE667D1CCA274E001F0BAC /* MASConstraint.m in Sources */ = {isa = PBXBuildFile; fileRef = 51DE66661CCA274E001F0BAC /* MASConstraint.m */; };
		51DE667E1CCA274E001F0BAC /* MASConstraintMaker.m in Sources */ = {isa = PBXBuildFile; fileRef = 51DE66681CCA274E001F0BAC /* MASConstraintMaker.m */; };
		51DE667F1CCA274E001F0BAC /* MASLayoutConstraint.m in Sources */ = {isa = PBXBuildFile; fileRef = 51DE666A1CCA274E001F0BAC /* MASLayoutConstraint.m */; };
		51DE66801CCA274E001F0BAC /* MASViewAttribute.m in Sources */ = {isa = PBXBuildFile; fileRef = 51DE666E1CCA274E001F0BAC /* MASViewAttribute.m */; };
		51DE66811CCA274E001F0BAC /* MASViewConstraint.m in Sources */ = {isa = PBXBuildFile; fileRef = 51DE66701CCA274E001F0BAC /* MASViewConstraint.m */; };
		51DE66821CCA274E001F0BAC /* NSArray+MASAdditions.m in Sources */ = {isa = PBXBuildFile; fileRef = 51DE66721CCA274E001F0BAC /* NSArray+MASAdditions.m */; };
		51DE66831CCA274E001F0BAC /* NSLayoutConstraint+MASDebugAdditions.m in Sources */ = {isa = PBXBuildFile; fileRef = 51DE66751CCA274E001F0BAC /* NSLayoutConstraint+MASDebugAdditions.m */; };
		51DE66841CCA274E001F0BAC /* View+MASAdditions.m in Sources */ = {isa = PBXBuildFile; fileRef = 51DE66771CCA274E001F0BAC /* View+MASAdditions.m */; };
		51DE66851CCA274E001F0BAC /* ViewController+MASAdditions.m in Sources */ = {isa = PBXBuildFile; fileRef = 51DE667A1CCA274E001F0BAC /* ViewController+MASAdditions.m */; };
		51DE66881CCA2781001F0BAC /* UIColor+expanded.m in Sources */ = {isa = PBXBuildFile; fileRef = 51DE66871CCA2781001F0BAC /* UIColor+expanded.m */; };
		51DE668B1CCA28BC001F0BAC /* UIImage+expanded.m in Sources */ = {isa = PBXBuildFile; fileRef = 51DE668A1CCA28BC001F0BAC /* UIImage+expanded.m */; };
		51DE668E1CCA28E9001F0BAC /* UINavigationBar+expanded.m in Sources */ = {isa = PBXBuildFile; fileRef = 51DE668D1CCA28E9001F0BAC /* UINavigationBar+expanded.m */; };
		51DE66921CCA2C58001F0BAC /* ChooseSongViewController.m in Sources */ = {isa = PBXBuildFile; fileRef = 51DE66911CCA2C58001F0BAC /* ChooseSongViewController.m */; };
/* End PBXBuildFile section */

/* Begin PBXFileReference section */
		51DE66221CCA1C1F001F0BAC /* Km_Test_C.app */ = {isa = PBXFileReference; explicitFileType = wrapper.application; includeInIndex = 0; path = Km_Test_C.app; sourceTree = BUILT_PRODUCTS_DIR; };
		51DE66261CCA1C1F001F0BAC /* main.m */ = {isa = PBXFileReference; lastKnownFileType = sourcecode.c.objc; path = main.m; sourceTree = "<group>"; };
		51DE66281CCA1C1F001F0BAC /* AppDelegate.h */ = {isa = PBXFileReference; lastKnownFileType = sourcecode.c.h; path = AppDelegate.h; sourceTree = "<group>"; };
		51DE66291CCA1C1F001F0BAC /* AppDelegate.m */ = {isa = PBXFileReference; lastKnownFileType = sourcecode.c.objc; path = AppDelegate.m; sourceTree = "<group>"; };
		51DE66311CCA1C1F001F0BAC /* Assets.xcassets */ = {isa = PBXFileReference; lastKnownFileType = folder.assetcatalog; path = Assets.xcassets; sourceTree = "<group>"; };
		51DE66341CCA1C1F001F0BAC /* Base */ = {isa = PBXFileReference; lastKnownFileType = file.storyboard; name = Base; path = Base.lproj/LaunchScreen.storyboard; sourceTree = "<group>"; };
		51DE66361CCA1C1F001F0BAC /* Info.plist */ = {isa = PBXFileReference; lastKnownFileType = text.plist.xml; path = Info.plist; sourceTree = "<group>"; };
		51DE665C1CCA229F001F0BAC /* RootViewController.h */ = {isa = PBXFileReference; fileEncoding = 4; lastKnownFileType = sourcecode.c.h; path = RootViewController.h; sourceTree = "<group>"; };
		51DE665D1CCA229F001F0BAC /* RootViewController.m */ = {isa = PBXFileReference; fileEncoding = 4; lastKnownFileType = sourcecode.c.objc; path = RootViewController.m; sourceTree = "<group>"; };
		51DE665F1CCA2423001F0BAC /* Km_Test-Prefix.pch */ = {isa = PBXFileReference; lastKnownFileType = sourcecode.c.h; path = "Km_Test-Prefix.pch"; sourceTree = "<group>"; };
		51DE66611CCA274E001F0BAC /* Info.plist */ = {isa = PBXFileReference; fileEncoding = 4; lastKnownFileType = text.plist.xml; path = Info.plist; sourceTree = "<group>"; };
		51DE66621CCA274E001F0BAC /* MASCompositeConstraint.h */ = {isa = PBXFileReference; fileEncoding = 4; lastKnownFileType = sourcecode.c.h; path = MASCompositeConstraint.h; sourceTree = "<group>"; };
		51DE66631CCA274E001F0BAC /* MASCompositeConstraint.m */ = {isa = PBXFileReference; fileEncoding = 4; lastKnownFileType = sourcecode.c.objc; path = MASCompositeConstraint.m; sourceTree = "<group>"; };
		51DE66641CCA274E001F0BAC /* MASConstraint+Private.h */ = {isa = PBXFileReference; fileEncoding = 4; lastKnownFileType = sourcecode.c.h; path = "MASConstraint+Private.h"; sourceTree = "<group>"; };
		51DE66651CCA274E001F0BAC /* MASConstraint.h */ = {isa = PBXFileReference; fileEncoding = 4; lastKnownFileType = sourcecode.c.h; path = MASConstraint.h; sourceTree = "<group>"; };
		51DE66661CCA274E001F0BAC /* MASConstraint.m */ = {isa = PBXFileReference; fileEncoding = 4; lastKnownFileType = sourcecode.c.objc; path = MASConstraint.m; sourceTree = "<group>"; };
		51DE66671CCA274E001F0BAC /* MASConstraintMaker.h */ = {isa = PBXFileReference; fileEncoding = 4; lastKnownFileType = sourcecode.c.h; path = MASConstraintMaker.h; sourceTree = "<group>"; };
		51DE66681CCA274E001F0BAC /* MASConstraintMaker.m */ = {isa = PBXFileReference; fileEncoding = 4; lastKnownFileType = sourcecode.c.objc; path = MASConstraintMaker.m; sourceTree = "<group>"; };
		51DE66691CCA274E001F0BAC /* MASLayoutConstraint.h */ = {isa = PBXFileReference; fileEncoding = 4; lastKnownFileType = sourcecode.c.h; path = MASLayoutConstraint.h; sourceTree = "<group>"; };
		51DE666A1CCA274E001F0BAC /* MASLayoutConstraint.m */ = {isa = PBXFileReference; fileEncoding = 4; lastKnownFileType = sourcecode.c.objc; path = MASLayoutConstraint.m; sourceTree = "<group>"; };
		51DE666B1CCA274E001F0BAC /* Masonry.h */ = {isa = PBXFileReference; fileEncoding = 4; lastKnownFileType = sourcecode.c.h; path = Masonry.h; sourceTree = "<group>"; };
		51DE666C1CCA274E001F0BAC /* MASUtilities.h */ = {isa = PBXFileReference; fileEncoding = 4; lastKnownFileType = sourcecode.c.h; path = MASUtilities.h; sourceTree = "<group>"; };
		51DE666D1CCA274E001F0BAC /* MASViewAttribute.h */ = {isa = PBXFileReference; fileEncoding = 4; lastKnownFileType = sourcecode.c.h; path = MASViewAttribute.h; sourceTree = "<group>"; };
		51DE666E1CCA274E001F0BAC /* MASViewAttribute.m */ = {isa = PBXFileReference; fileEncoding = 4; lastKnownFileType = sourcecode.c.objc; path = MASViewAttribute.m; sourceTree = "<group>"; };
		51DE666F1CCA274E001F0BAC /* MASViewConstraint.h */ = {isa = PBXFileReference; fileEncoding = 4; lastKnownFileType = sourcecode.c.h; path = MASViewConstraint.h; sourceTree = "<group>"; };
		51DE66701CCA274E001F0BAC /* MASViewConstraint.m */ = {isa = PBXFileReference; fileEncoding = 4; lastKnownFileType = sourcecode.c.objc; path = MASViewConstraint.m; sourceTree = "<group>"; };
		51DE66711CCA274E001F0BAC /* NSArray+MASAdditions.h */ = {isa = PBXFileReference; fileEncoding = 4; lastKnownFileType = sourcecode.c.h; path = "NSArray+MASAdditions.h"; sourceTree = "<group>"; };
		51DE66721CCA274E001F0BAC /* NSArray+MASAdditions.m */ = {isa = PBXFileReference; fileEncoding = 4; lastKnownFileType = sourcecode.c.objc; path = "NSArray+MASAdditions.m"; sourceTree = "<group>"; };
		51DE66731CCA274E001F0BAC /* NSArray+MASShorthandAdditions.h */ = {isa = PBXFileReference; fileEncoding = 4; lastKnownFileType = sourcecode.c.h; path = "NSArray+MASShorthandAdditions.h"; sourceTree = "<group>"; };
		51DE66741CCA274E001F0BAC /* NSLayoutConstraint+MASDebugAdditions.h */ = {isa = PBXFileReference; fileEncoding = 4; lastKnownFileType = sourcecode.c.h; path = "NSLayoutConstraint+MASDebugAdditions.h"; sourceTree = "<group>"; };
		51DE66751CCA274E001F0BAC /* NSLayoutConstraint+MASDebugAdditions.m */ = {isa = PBXFileReference; fileEncoding = 4; lastKnownFileType = sourcecode.c.objc; path = "NSLayoutConstraint+MASDebugAdditions.m"; sourceTree = "<group>"; };
		51DE66761CCA274E001F0BAC /* View+MASAdditions.h */ = {isa = PBXFileReference; fileEncoding = 4; lastKnownFileType = sourcecode.c.h; path = "View+MASAdditions.h"; sourceTree = "<group>"; };
		51DE66771CCA274E001F0BAC /* View+MASAdditions.m */ = {isa = PBXFileReference; fileEncoding = 4; lastKnownFileType = sourcecode.c.objc; path = "View+MASAdditions.m"; sourceTree = "<group>"; };
		51DE66781CCA274E001F0BAC /* View+MASShorthandAdditions.h */ = {isa = PBXFileReference; fileEncoding = 4; lastKnownFileType = sourcecode.c.h; path = "View+MASShorthandAdditions.h"; sourceTree = "<group>"; };
		51DE66791CCA274E001F0BAC /* ViewController+MASAdditions.h */ = {isa = PBXFileReference; fileEncoding = 4; lastKnownFileType = sourcecode.c.h; path = "ViewController+MASAdditions.h"; sourceTree = "<group>"; };
		51DE667A1CCA274E001F0BAC /* ViewController+MASAdditions.m */ = {isa = PBXFileReference; fileEncoding = 4; lastKnownFileType = sourcecode.c.objc; path = "ViewController+MASAdditions.m"; sourceTree = "<group>"; };
		51DE66861CCA2781001F0BAC /* UIColor+expanded.h */ = {isa = PBXFileReference; fileEncoding = 4; lastKnownFileType = sourcecode.c.h; path = "UIColor+expanded.h"; sourceTree = "<group>"; };
		51DE66871CCA2781001F0BAC /* UIColor+expanded.m */ = {isa = PBXFileReference; fileEncoding = 4; lastKnownFileType = sourcecode.c.objc; path = "UIColor+expanded.m"; sourceTree = "<group>"; };
		51DE66891CCA28BC001F0BAC /* UIImage+expanded.h */ = {isa = PBXFileReference; fileEncoding = 4; lastKnownFileType = sourcecode.c.h; path = "UIImage+expanded.h"; sourceTree = "<group>"; };
		51DE668A1CCA28BC001F0BAC /* UIImage+expanded.m */ = {isa = PBXFileReference; fileEncoding = 4; lastKnownFileType = sourcecode.c.objc; path = "UIImage+expanded.m"; sourceTree = "<group>"; };
		51DE668C1CCA28E9001F0BAC /* UINavigationBar+expanded.h */ = {isa = PBXFileReference; fileEncoding = 4; lastKnownFileType = sourcecode.c.h; path = "UINavigationBar+expanded.h"; sourceTree = "<group>"; };
		51DE668D1CCA28E9001F0BAC /* UINavigationBar+expanded.m */ = {isa = PBXFileReference; fileEncoding = 4; lastKnownFileType = sourcecode.c.objc; path = "UINavigationBar+expanded.m"; sourceTree = "<group>"; };
		51DE66901CCA2C58001F0BAC /* ChooseSongViewController.h */ = {isa = PBXFileReference; fileEncoding = 4; lastKnownFileType = sourcecode.c.h; path = ChooseSongViewController.h; sourceTree = "<group>"; };
		51DE66911CCA2C58001F0BAC /* ChooseSongViewController.m */ = {isa = PBXFileReference; fileEncoding = 4; lastKnownFileType = sourcecode.c.objc; path = ChooseSongViewController.m; sourceTree = "<group>"; };
/* End PBXFileReference section */

/* Begin PBXFrameworksBuildPhase section */
		51DE661F1CCA1C1F001F0BAC /* Frameworks */ = {
			isa = PBXFrameworksBuildPhase;
			buildActionMask = 2147483647;
			files = (
			);
			runOnlyForDeploymentPostprocessing = 0;
		};
/* End PBXFrameworksBuildPhase section */

/* Begin PBXGroup section */
		51DE66191CCA1C1F001F0BAC = {
			isa = PBXGroup;
			children = (
				51DE66241CCA1C1F001F0BAC /* Km_Test_C */,
				51DE66231CCA1C1F001F0BAC /* Products */,
			);
			sourceTree = "<group>";
		};
		51DE66231CCA1C1F001F0BAC /* Products */ = {
			isa = PBXGroup;
			children = (
				51DE66221CCA1C1F001F0BAC /* Km_Test_C.app */,
			);
			name = Products;
			sourceTree = "<group>";
		};
		51DE66241CCA1C1F001F0BAC /* Km_Test_C */ = {
			isa = PBXGroup;
			children = (
				51DE66281CCA1C1F001F0BAC /* AppDelegate.h */,
				51DE66291CCA1C1F001F0BAC /* AppDelegate.m */,
				51DE66581CCA21EF001F0BAC /* Other */,
				51DE664E1CCA2183001F0BAC /* Main */,
				51DE663C1CCA2167001F0BAC /* Expand */,
				51DE66481CCA2176001F0BAC /* Vender */,
				51DE66451CCA2172001F0BAC /* Resource */,
				51DE66251CCA1C1F001F0BAC /* Supporting Files */,
			);
			path = Km_Test_C;
			sourceTree = "<group>";
		};
		51DE66251CCA1C1F001F0BAC /* Supporting Files */ = {
			isa = PBXGroup;
			children = (
				51DE66311CCA1C1F001F0BAC /* Assets.xcassets */,
				51DE66331CCA1C1F001F0BAC /* LaunchScreen.storyboard */,
				51DE66361CCA1C1F001F0BAC /* Info.plist */,
				51DE66261CCA1C1F001F0BAC /* main.m */,
			);
			name = "Supporting Files";
			sourceTree = "<group>";
		};
		51DE663C1CCA2167001F0BAC /* Expand */ = {
			isa = PBXGroup;
			children = (
				51DE663D1CCA2167001F0BAC /* Category */,
				51DE663E1CCA2167001F0BAC /* Macros */,
				51DE663F1CCA2167001F0BAC /* Network */,
				51DE66401CCA2167001F0BAC /* Tool */,
			);
			path = Expand;
			sourceTree = "<group>";
		};
		51DE663D1CCA2167001F0BAC /* Category */ = {
			isa = PBXGroup;
			children = (
				51DE66861CCA2781001F0BAC /* UIColor+expanded.h */,
				51DE66871CCA2781001F0BAC /* UIColor+expanded.m */,
				51DE66891CCA28BC001F0BAC /* UIImage+expanded.h */,
				51DE668A1CCA28BC001F0BAC /* UIImage+expanded.m */,
				51DE668C1CCA28E9001F0BAC /* UINavigationBar+expanded.h */,
				51DE668D1CCA28E9001F0BAC /* UINavigationBar+expanded.m */,
			);
			path = Category;
			sourceTree = "<group>";
		};
		51DE663E1CCA2167001F0BAC /* Macros */ = {
			isa = PBXGroup;
			children = (
				51DE665F1CCA2423001F0BAC /* Km_Test-Prefix.pch */,
			);
			path = Macros;
			sourceTree = "<group>";
		};
		51DE663F1CCA2167001F0BAC /* Network */ = {
			isa = PBXGroup;
			children = (
			);
			path = Network;
			sourceTree = "<group>";
		};
		51DE66401CCA2167001F0BAC /* Tool */ = {
			isa = PBXGroup;
			children = (
			);
			path = Tool;
			sourceTree = "<group>";
		};
		51DE66451CCA2172001F0BAC /* Resource */ = {
			isa = PBXGroup;
			children = (
				51DE66461CCA2172001F0BAC /* Image */,
				51DE66471CCA2172001F0BAC /* Plist */,
			);
			path = Resource;
			sourceTree = "<group>";
		};
		51DE66461CCA2172001F0BAC /* Image */ = {
			isa = PBXGroup;
			children = (
			);
			path = Image;
			sourceTree = "<group>";
		};
		51DE66471CCA2172001F0BAC /* Plist */ = {
			isa = PBXGroup;
			children = (
			);
			path = Plist;
			sourceTree = "<group>";
		};
		51DE66481CCA2176001F0BAC /* Vender */ = {
			isa = PBXGroup;
			children = (
				51DE66601CCA274E001F0BAC /* Masonry */,
			);
			path = Vender;
			sourceTree = "<group>";
		};
		51DE664E1CCA2183001F0BAC /* Main */ = {
			isa = PBXGroup;
			children = (
				51DE668F1CCA2C41001F0BAC /* ChooseSong */,
				51DE66571CCA2183001F0BAC /* RootControllers */,
				51DE664F1CCA2183001F0BAC /* Chat */,
				51DE66501CCA2183001F0BAC /* Discover */,
				51DE66511CCA2183001F0BAC /* FriendCircle */,
				51DE66521CCA2183001F0BAC /* Me */,
			);
			path = Main;
			sourceTree = "<group>";
		};
		51DE664F1CCA2183001F0BAC /* Chat */ = {
			isa = PBXGroup;
			children = (
			);
			path = Chat;
			sourceTree = "<group>";
		};
		51DE66501CCA2183001F0BAC /* Discover */ = {
			isa = PBXGroup;
			children = (
			);
			path = Discover;
			sourceTree = "<group>";
		};
		51DE66511CCA2183001F0BAC /* FriendCircle */ = {
			isa = PBXGroup;
			children = (
			);
			path = FriendCircle;
			sourceTree = "<group>";
		};
		51DE66521CCA2183001F0BAC /* Me */ = {
			isa = PBXGroup;
			children = (
				51DE66531CCA2183001F0BAC /* Controller */,
				51DE66541CCA2183001F0BAC /* Model */,
				51DE66551CCA2183001F0BAC /* Other */,
				51DE66561CCA2183001F0BAC /* View */,
			);
			path = Me;
			sourceTree = "<group>";
		};
		51DE66531CCA2183001F0BAC /* Controller */ = {
			isa = PBXGroup;
			children = (
			);
			path = Controller;
			sourceTree = "<group>";
		};
		51DE66541CCA2183001F0BAC /* Model */ = {
			isa = PBXGroup;
			children = (
			);
			path = Model;
			sourceTree = "<group>";
		};
		51DE66551CCA2183001F0BAC /* Other */ = {
			isa = PBXGroup;
			children = (
			);
			path = Other;
			sourceTree = "<group>";
		};
		51DE66561CCA2183001F0BAC /* View */ = {
			isa = PBXGroup;
			children = (
			);
			path = View;
			sourceTree = "<group>";
		};
		51DE66571CCA2183001F0BAC /* RootControllers */ = {
			isa = PBXGroup;
			children = (
				51DE665C1CCA229F001F0BAC /* RootViewController.h */,
				51DE665D1CCA229F001F0BAC /* RootViewController.m */,
			);
			path = RootControllers;
			sourceTree = "<group>";
		};
		51DE66581CCA21EF001F0BAC /* Other */ = {
			isa = PBXGroup;
			children = (
				51DE665A1CCA21EF001F0BAC /* Navigation */,
				51DE665B1CCA21EF001F0BAC /* TabBar */,
			);
			path = Other;
			sourceTree = "<group>";
		};
		51DE665A1CCA21EF001F0BAC /* Navigation */ = {
			isa = PBXGroup;
			children = (
			);
			path = Navigation;
			sourceTree = "<group>";
		};
		51DE665B1CCA21EF001F0BAC /* TabBar */ = {
			isa = PBXGroup;
			children = (
			);
			path = TabBar;
			sourceTree = "<group>";
		};
		51DE66601CCA274E001F0BAC /* Masonry */ = {
			isa = PBXGroup;
			children = (
				51DE66611CCA274E001F0BAC /* Info.plist */,
				51DE66621CCA274E001F0BAC /* MASCompositeConstraint.h */,
				51DE66631CCA274E001F0BAC /* MASCompositeConstraint.m */,
				51DE66641CCA274E001F0BAC /* MASConstraint+Private.h */,
				51DE66651CCA274E001F0BAC /* MASConstraint.h */,
				51DE66661CCA274E001F0BAC /* MASConstraint.m */,
				51DE66671CCA274E001F0BAC /* MASConstraintMaker.h */,
				51DE66681CCA274E001F0BAC /* MASConstraintMaker.m */,
				51DE66691CCA274E001F0BAC /* MASLayoutConstraint.h */,
				51DE666A1CCA274E001F0BAC /* MASLayoutConstraint.m */,
				51DE666B1CCA274E001F0BAC /* Masonry.h */,
				51DE666C1CCA274E001F0BAC /* MASUtilities.h */,
				51DE666D1CCA274E001F0BAC /* MASViewAttribute.h */,
				51DE666E1CCA274E001F0BAC /* MASViewAttribute.m */,
				51DE666F1CCA274E001F0BAC /* MASViewConstraint.h */,
				51DE66701CCA274E001F0BAC /* MASViewConstraint.m */,
				51DE66711CCA274E001F0BAC /* NSArray+MASAdditions.h */,
				51DE66721CCA274E001F0BAC /* NSArray+MASAdditions.m */,
				51DE66731CCA274E001F0BAC /* NSArray+MASShorthandAdditions.h */,
				51DE66741CCA274E001F0BAC /* NSLayoutConstraint+MASDebugAdditions.h */,
				51DE66751CCA274E001F0BAC /* NSLayoutConstraint+MASDebugAdditions.m */,
				51DE66761CCA274E001F0BAC /* View+MASAdditions.h */,
				51DE66771CCA274E001F0BAC /* View+MASAdditions.m */,
				51DE66781CCA274E001F0BAC /* View+MASShorthandAdditions.h */,
				51DE66791CCA274E001F0BAC /* ViewController+MASAdditions.h */,
				51DE667A1CCA274E001F0BAC /* ViewController+MASAdditions.m */,
			);
			path = Masonry;
			sourceTree = "<group>";
		};
		51DE668F1CCA2C41001F0BAC /* ChooseSong */ = {
			isa = PBXGroup;
			children = (
				51DE66901CCA2C58001F0BAC /* ChooseSongViewController.h */,
				51DE66911CCA2C58001F0BAC /* ChooseSongViewController.m */,
				51DE66931CCA2CAB001F0BAC /* RemoteControl */,
			);
			path = ChooseSong;
			sourceTree = "<group>";
		};
		51DE66931CCA2CAB001F0BAC /* RemoteControl */ = {
			isa = PBXGroup;
			children = (
			);
			path = RemoteControl;
			sourceTree = "<group>";
		};
/* End PBXGroup section */

/* Begin PBXNativeTarget section */
		51DE66211CCA1C1F001F0BAC /* Km_Test_C */ = {
			isa = PBXNativeTarget;
			buildConfigurationList = 51DE66391CCA1C1F001F0BAC /* Build configuration list for PBXNativeTarget "Km_Test_C" */;
			buildPhases = (
				51DE661E1CCA1C1F001F0BAC /* Sources */,
				51DE661F1CCA1C1F001F0BAC /* Frameworks */,
				51DE66201CCA1C1F001F0BAC /* Resources */,
			);
			buildRules = (
			);
			dependencies = (
			);
			name = Km_Test_C;
			productName = Km_Test_C;
			productReference = 51DE66221CCA1C1F001F0BAC /* Km_Test_C.app */;
			productType = "com.apple.product-type.application";
		};
/* End PBXNativeTarget section */

/* Begin PBXProject section */
		51DE661A1CCA1C1F001F0BAC /* Project object */ = {
			isa = PBXProject;
			attributes = {
				LastUpgradeCheck = 0730;
				ORGANIZATIONNAME = OMG;
				TargetAttributes = {
					51DE66211CCA1C1F001F0BAC = {
						CreatedOnToolsVersion = 7.3;
						DevelopmentTeam = RGFD7XRF6S;
					};
				};
			};
			buildConfigurationList = 51DE661D1CCA1C1F001F0BAC /* Build configuration list for PBXProject "Km_Test_C" */;
			compatibilityVersion = "Xcode 3.2";
			developmentRegion = English;
			hasScannedForEncodings = 0;
			knownRegions = (
				en,
				Base,
			);
			mainGroup = 51DE66191CCA1C1F001F0BAC;
			productRefGroup = 51DE66231CCA1C1F001F0BAC /* Products */;
			projectDirPath = "";
			projectRoot = "";
			targets = (
				51DE66211CCA1C1F001F0BAC /* Km_Test_C */,
			);
		};
/* End PBXProject section */

/* Begin PBXResourcesBuildPhase section */
		51DE66201CCA1C1F001F0BAC /* Resources */ = {
			isa = PBXResourcesBuildPhase;
			buildActionMask = 2147483647;
			files = (
				51DE66351CCA1C1F001F0BAC /* LaunchScreen.storyboard in Resources */,
				51DE66321CCA1C1F001F0BAC /* Assets.xcassets in Resources */,
				51DE667B1CCA274E001F0BAC /* Info.plist in Resources */,
			);
			runOnlyForDeploymentPostprocessing = 0;
		};
/* End PBXResourcesBuildPhase section */

/* Begin PBXSourcesBuildPhase section */
		51DE661E1CCA1C1F001F0BAC /* Sources */ = {
			isa = PBXSourcesBuildPhase;
			buildActionMask = 2147483647;
			files = (
				51DE66831CCA274E001F0BAC /* NSLayoutConstraint+MASDebugAdditions.m in Sources */,
				51DE66811CCA274E001F0BAC /* MASViewConstraint.m in Sources */,
				51DE667C1CCA274E001F0BAC /* MASCompositeConstraint.m in Sources */,
				51DE66821CCA274E001F0BAC /* NSArray+MASAdditions.m in Sources */,
				51DE662A1CCA1C1F001F0BAC /* AppDelegate.m in Sources */,
				51DE668B1CCA28BC001F0BAC /* UIImage+expanded.m in Sources */,
				51DE66271CCA1C1F001F0BAC /* main.m in Sources */,
				51DE667F1CCA274E001F0BAC /* MASLayoutConstraint.m in Sources */,
				51DE66921CCA2C58001F0BAC /* ChooseSongViewController.m in Sources */,
				51DE665E1CCA229F001F0BAC /* RootViewController.m in Sources */,
				51DE66851CCA274E001F0BAC /* ViewController+MASAdditions.m in Sources */,
				51DE66841CCA274E001F0BAC /* View+MASAdditions.m in Sources */,
				51DE66881CCA2781001F0BAC /* UIColor+expanded.m in Sources */,
				51DE668E1CCA28E9001F0BAC /* UINavigationBar+expanded.m in Sources */,
				51DE66801CCA274E001F0BAC /* MASViewAttribute.m in Sources */,
				51DE667D1CCA274E001F0BAC /* MASConstraint.m in Sources */,
				51DE667E1CCA274E001F0BAC /* MASConstraintMaker.m in Sources */,
			);
			runOnlyForDeploymentPostprocessing = 0;
		};
/* End PBXSourcesBuildPhase section */

/* Begin PBXVariantGroup section */
		51DE66331CCA1C1F001F0BAC /* LaunchScreen.storyboard */ = {
			isa = PBXVariantGroup;
			children = (
				51DE66341CCA1C1F001F0BAC /* Base */,
			);
			name = LaunchScreen.storyboard;
			sourceTree = "<group>";
		};
/* End PBXVariantGroup section */

/* Begin XCBuildConfiguration section */
		51DE66371CCA1C1F001F0BAC /* Debug */ = {
			isa = XCBuildConfiguration;
			buildSettings = {
				ALWAYS_SEARCH_USER_PATHS = NO;
				CLANG_ANALYZER_NONNULL = YES;
				CLANG_CXX_LANGUAGE_STANDARD = "gnu++0x";
				CLANG_CXX_LIBRARY = "libc++";
				CLANG_ENABLE_MODULES = YES;
				CLANG_ENABLE_OBJC_ARC = YES;
				CLANG_WARN_BOOL_CONVERSION = YES;
				CLANG_WARN_CONSTANT_CONVERSION = YES;
				CLANG_WARN_DIRECT_OBJC_ISA_USAGE = YES_ERROR;
				CLANG_WARN_EMPTY_BODY = YES;
				CLANG_WARN_ENUM_CONVERSION = YES;
				CLANG_WARN_INT_CONVERSION = YES;
				CLANG_WARN_OBJC_ROOT_CLASS = YES_ERROR;
				CLANG_WARN_UNREACHABLE_CODE = YES;
				CLANG_WARN__DUPLICATE_METHOD_MATCH = YES;
				"CODE_SIGN_IDENTITY[sdk=iphoneos*]" = "iPhone Developer";
				COPY_PHASE_STRIP = NO;
				DEBUG_INFORMATION_FORMAT = dwarf;
				ENABLE_STRICT_OBJC_MSGSEND = YES;
				ENABLE_TESTABILITY = YES;
				GCC_C_LANGUAGE_STANDARD = gnu99;
				GCC_DYNAMIC_NO_PIC = NO;
				GCC_NO_COMMON_BLOCKS = YES;
				GCC_OPTIMIZATION_LEVEL = 0;
				GCC_PREPROCESSOR_DEFINITIONS = (
					"DEBUG=1",
					"$(inherited)",
				);
				GCC_WARN_64_TO_32_BIT_CONVERSION = YES;
				GCC_WARN_ABOUT_RETURN_TYPE = YES_ERROR;
				GCC_WARN_UNDECLARED_SELECTOR = YES;
				GCC_WARN_UNINITIALIZED_AUTOS = YES_AGGRESSIVE;
				GCC_WARN_UNUSED_FUNCTION = YES;
				GCC_WARN_UNUSED_VARIABLE = YES;
				IPHONEOS_DEPLOYMENT_TARGET = 9.3;
				MTL_ENABLE_DEBUG_INFO = YES;
				ONLY_ACTIVE_ARCH = YES;
				SDKROOT = iphoneos;
			};
			name = Debug;
		};
		51DE66381CCA1C1F001F0BAC /* Release */ = {
			isa = XCBuildConfiguration;
			buildSettings = {
				ALWAYS_SEARCH_USER_PATHS = NO;
				CLANG_ANALYZER_NONNULL = YES;
				CLANG_CXX_LANGUAGE_STANDARD = "gnu++0x";
				CLANG_CXX_LIBRARY = "libc++";
				CLANG_ENABLE_MODULES = YES;
				CLANG_ENABLE_OBJC_ARC = YES;
				CLANG_WARN_BOOL_CONVERSION = YES;
				CLANG_WARN_CONSTANT_CONVERSION = YES;
				CLANG_WARN_DIRECT_OBJC_ISA_USAGE = YES_ERROR;
				CLANG_WARN_EMPTY_BODY = YES;
				CLANG_WARN_ENUM_CONVERSION = YES;
				CLANG_WARN_INT_CONVERSION = YES;
				CLANG_WARN_OBJC_ROOT_CLASS = YES_ERROR;
				CLANG_WARN_UNREACHABLE_CODE = YES;
				CLANG_WARN__DUPLICATE_METHOD_MATCH = YES;
				"CODE_SIGN_IDENTITY[sdk=iphoneos*]" = "iPhone Developer";
				COPY_PHASE_STRIP = NO;
				DEBUG_INFORMATION_FORMAT = "dwarf-with-dsym";
				ENABLE_NS_ASSERTIONS = NO;
				ENABLE_STRICT_OBJC_MSGSEND = YES;
				GCC_C_LANGUAGE_STANDARD = gnu99;
				GCC_NO_COMMON_BLOCKS = YES;
				GCC_WARN_64_TO_32_BIT_CONVERSION = YES;
				GCC_WARN_ABOUT_RETURN_TYPE = YES_ERROR;
				GCC_WARN_UNDECLARED_SELECTOR = YES;
				GCC_WARN_UNINITIALIZED_AUTOS = YES_AGGRESSIVE;
				GCC_WARN_UNUSED_FUNCTION = YES;
				GCC_WARN_UNUSED_VARIABLE = YES;
				IPHONEOS_DEPLOYMENT_TARGET = 9.3;
				MTL_ENABLE_DEBUG_INFO = NO;
				SDKROOT = iphoneos;
				VALIDATE_PRODUCT = YES;
			};
			name = Release;
		};
		51DE663A1CCA1C1F001F0BAC /* Debug */ = {
			isa = XCBuildConfiguration;
			buildSettings = {
				ASSETCATALOG_COMPILER_APPICON_NAME = AppIcon;
				INFOPLIST_FILE = Km_Test_C/Info.plist;
				LD_RUNPATH_SEARCH_PATHS = "$(inherited) @executable_path/Frameworks";
				PRODUCT_BUNDLE_IDENTIFIER = "com.km.test.Km-Test-C";
				PRODUCT_NAME = "$(TARGET_NAME)";
			};
			name = Debug;
		};
		51DE663B1CCA1C1F001F0BAC /* Release */ = {
			isa = XCBuildConfiguration;
			buildSettings = {
				ASSETCATALOG_COMPILER_APPICON_NAME = AppIcon;
				INFOPLIST_FILE = Km_Test_C/Info.plist;
				LD_RUNPATH_SEARCH_PATHS = "$(inherited) @executable_path/Frameworks";
				PRODUCT_BUNDLE_IDENTIFIER = "com.km.test.Km-Test-C";
				PRODUCT_NAME = "$(TARGET_NAME)";
			};
			name = Release;
		};
/* End XCBuildConfiguration section */

/* Begin XCConfigurationList section */
		51DE661D1CCA1C1F001F0BAC /* Build configuration list for PBXProject "Km_Test_C" */ = {
			isa = XCConfigurationList;
			buildConfigurations = (
				51DE66371CCA1C1F001F0BAC /* Debug */,
				51DE66381CCA1C1F001F0BAC /* Release */,
			);
			defaultConfigurationIsVisible = 0;
			defaultConfigurationName = Release;
		};
		51DE66391CCA1C1F001F0BAC /* Build configuration list for PBXNativeTarget "Km_Test_C" */ = {
			isa = XCConfigurationList;
			buildConfigurations = (
				51DE663A1CCA1C1F001F0BAC /* Debug */,
				51DE663B1CCA1C1F001F0BAC /* Release */,
			);
			defaultConfigurationIsVisible = 0;
			defaultConfigurationName = Release;
		};
/* End XCConfigurationList section */
	};
	rootObject = 51DE661A1CCA1C1F001F0BAC /* Project object */;
}
